
Microsoft Visual Studio Solution File, Format Version 12.00
# Visual Studio Version 17
VisualStudioVersion = 17.0.31919.166
MinimumVisualStudioVersion = 10.0.40219.1
Project("{FAE04EC0-301F-11D3-BF4B-00C04F79EFBC}") = "YassineP2P", "YassineP2P.csproj", "{D64433AA-6F5C-41F5-B027-EE4035E7C816}"
EndProject
Global
	GlobalSection(SolutionConfigurationPlatforms) = preSolution
		Debug|Any CPU = Debug|Any CPU
		Release|Any CPU = Release|Any CPU
	EndGlobalSection
	GlobalSection(ProjectConfigurationPlatforms) = postSolution
		{D64433AA-6F5C-41F5-B027-EE4035E7C816}.Debug|Any CPU.ActiveCfg = Debug|Any CPU
		{D64433AA-6F5C-41F5-B027-EE4035E7C816}.Debug|Any CPU.Build.0 = Debug|Any CPU
		{D64433AA-6F5C-41F5-B027-EE4035E7C816}.Release|Any CPU.ActiveCfg = Release|Any CPU
		{D64433AA-6F5C-41F5-B027-EE4035E7C816}.Release|Any CPU.Build.0 = Release|Any CPU
	EndGlobalSection
	GlobalSection(SolutionProperties) = preSolution
		HideSolutionNode = FALSE
	EndGlobalSection
	GlobalSection(ExtensibilityGlobals) = postSolution
		SolutionGuid = {B4F2B405-0F62-4DE5-9696-FEFC508AC190}
	EndGlobalSection
EndGlobal
